
Microsoft Visual Studio Solution File, Format Version 12.00
# Visual Studio 15
VisualStudioVersion = 15.0.27004.2002
MinimumVisualStudioVersion = 10.0.40219.1
Project("{FAE04EC0-301F-11D3-BF4B-00C04F79EFBC}") = "ProjekatSF102015", "POPSF102015\ProjekatSF102015.csproj", "{90E0B8FE-4805-4E17-A8B6-36E72E0087FD}"
EndProject
Global
	GlobalSection(SolutionConfigurationPlatforms) = preSolution
		Debug|Any CPU = Debug|Any CPU
		Release|Any CPU = Release|Any CPU
	EndGlobalSection
	GlobalSection(ProjectConfigurationPlatforms) = postSolution
		{90E0B8FE-4805-4E17-A8B6-36E72E0087FD}.Debug|Any CPU.ActiveCfg = Debug|Any CPU
		{90E0B8FE-4805-4E17-A8B6-36E72E0087FD}.Debug|Any CPU.Build.0 = Debug|Any CPU
		{90E0B8FE-4805-4E17-A8B6-36E72E0087FD}.Release|Any CPU.ActiveCfg = Release|Any CPU
		{90E0B8FE-4805-4E17-A8B6-36E72E0087FD}.Release|Any CPU.Build.0 = Release|Any CPU
	EndGlobalSection
	GlobalSection(SolutionProperties) = preSolution
		HideSolutionNode = FALSE
	EndGlobalSection
	GlobalSection(ExtensibilityGlobals) = postSolution
		SolutionGuid = {CAFA027A-E3D9-4122-B5E2-31F95C880A5F}
	EndGlobalSection
EndGlobal
